
Microsoft Visual Studio Solution File, Format Version 12.00
# Visual Studio 15
VisualStudioVersion = 15.0.26124.0
MinimumVisualStudioVersion = 15.0.26124.0
Project("{FAE04EC0-301F-11D3-BF4B-00C04F79EFBC}") = "Domain", "Domain\Domain.csproj", "{A770F347-4197-4C50-837A-6844361D9150}"
EndProject
Project("{FAE04EC0-301F-11D3-BF4B-00C04F79EFBC}") = "Application", "Application\Application.csproj", "{34971933-A514-4799-917E-EE4AA110128E}"
EndProject
Project("{FAE04EC0-301F-11D3-BF4B-00C04F79EFBC}") = "Persistence", "Persistence\Persistence.csproj", "{D617BDB5-9C6E-4A99-96E7-B80A1C7265E8}"
EndProject
Project("{FAE04EC0-301F-11D3-BF4B-00C04F79EFBC}") = "API", "API\API.csproj", "{79F1143F-A3F6-43BF-AF29-06BF3F54F362}"
EndProject
Global
	GlobalSection(SolutionConfigurationPlatforms) = preSolution
		Debug|Any CPU = Debug|Any CPU
		Debug|x64 = Debug|x64
		Debug|x86 = Debug|x86
		Release|Any CPU = Release|Any CPU
		Release|x64 = Release|x64
		Release|x86 = Release|x86
	EndGlobalSection
	GlobalSection(SolutionProperties) = preSolution
		HideSolutionNode = FALSE
	EndGlobalSection
	GlobalSection(ProjectConfigurationPlatforms) = postSolution
		{A770F347-4197-4C50-837A-6844361D9150}.Debug|Any CPU.ActiveCfg = Debug|Any CPU
		{A770F347-4197-4C50-837A-6844361D9150}.Debug|Any CPU.Build.0 = Debug|Any CPU
		{A770F347-4197-4C50-837A-6844361D9150}.Debug|x64.ActiveCfg = Debug|Any CPU
		{A770F347-4197-4C50-837A-6844361D9150}.Debug|x64.Build.0 = Debug|Any CPU
		{A770F347-4197-4C50-837A-6844361D9150}.Debug|x86.ActiveCfg = Debug|Any CPU
		{A770F347-4197-4C50-837A-6844361D9150}.Debug|x86.Build.0 = Debug|Any CPU
		{A770F347-4197-4C50-837A-6844361D9150}.Release|Any CPU.ActiveCfg = Release|Any CPU
		{A770F347-4197-4C50-837A-6844361D9150}.Release|Any CPU.Build.0 = Release|Any CPU
		{A770F347-4197-4C50-837A-6844361D9150}.Release|x64.ActiveCfg = Release|Any CPU
		{A770F347-4197-4C50-837A-6844361D9150}.Release|x64.Build.0 = Release|Any CPU
		{A770F347-4197-4C50-837A-6844361D9150}.Release|x86.ActiveCfg = Release|Any CPU
		{A770F347-4197-4C50-837A-6844361D9150}.Release|x86.Build.0 = Release|Any CPU
		{34971933-A514-4799-917E-EE4AA110128E}.Debug|Any CPU.ActiveCfg = Debug|Any CPU
		{34971933-A514-4799-917E-EE4AA110128E}.Debug|Any CPU.Build.0 = Debug|Any CPU
		{34971933-A514-4799-917E-EE4AA110128E}.Debug|x64.ActiveCfg = Debug|Any CPU
		{34971933-A514-4799-917E-EE4AA110128E}.Debug|x64.Build.0 = Debug|Any CPU
		{34971933-A514-4799-917E-EE4AA110128E}.Debug|x86.ActiveCfg = Debug|Any CPU
		{34971933-A514-4799-917E-EE4AA110128E}.Debug|x86.Build.0 = Debug|Any CPU
		{34971933-A514-4799-917E-EE4AA110128E}.Release|Any CPU.ActiveCfg = Release|Any CPU
		{34971933-A514-4799-917E-EE4AA110128E}.Release|Any CPU.Build.0 = Release|Any CPU
		{34971933-A514-4799-917E-EE4AA110128E}.Release|x64.ActiveCfg = Release|Any CPU
		{34971933-A514-4799-917E-EE4AA110128E}.Release|x64.Build.0 = Release|Any CPU
		{34971933-A514-4799-917E-EE4AA110128E}.Release|x86.ActiveCfg = Release|Any CPU
		{34971933-A514-4799-917E-EE4AA110128E}.Release|x86.Build.0 = Release|Any CPU
		{D617BDB5-9C6E-4A99-96E7-B80A1C7265E8}.Debug|Any CPU.ActiveCfg = Debug|Any CPU
		{D617BDB5-9C6E-4A99-96E7-B80A1C7265E8}.Debug|Any CPU.Build.0 = Debug|Any CPU
		{D617BDB5-9C6E-4A99-96E7-B80A1C7265E8}.Debug|x64.ActiveCfg = Debug|Any CPU
		{D617BDB5-9C6E-4A99-96E7-B80A1C7265E8}.Debug|x64.Build.0 = Debug|Any CPU
		{D617BDB5-9C6E-4A99-96E7-B80A1C7265E8}.Debug|x86.ActiveCfg = Debug|Any CPU
		{D617BDB5-9C6E-4A99-96E7-B80A1C7265E8}.Debug|x86.Build.0 = Debug|Any CPU
		{D617BDB5-9C6E-4A99-96E7-B80A1C7265E8}.Release|Any CPU.ActiveCfg = Release|Any CPU
		{D617BDB5-9C6E-4A99-96E7-B80A1C7265E8}.Release|Any CPU.Build.0 = Release|Any CPU
		{D617BDB5-9C6E-4A99-96E7-B80A1C7265E8}.Release|x64.ActiveCfg = Release|Any CPU
		{D617BDB5-9C6E-4A99-96E7-B80A1C7265E8}.Release|x64.Build.0 = Release|Any CPU
		{D617BDB5-9C6E-4A99-96E7-B80A1C7265E8}.Release|x86.ActiveCfg = Release|Any CPU
		{D617BDB5-9C6E-4A99-96E7-B80A1C7265E8}.Release|x86.Build.0 = Release|Any CPU
		{79F1143F-A3F6-43BF-AF29-06BF3F54F362}.Debug|Any CPU.ActiveCfg = Debug|Any CPU
		{79F1143F-A3F6-43BF-AF29-06BF3F54F362}.Debug|Any CPU.Build.0 = Debug|Any CPU
		{79F1143F-A3F6-43BF-AF29-06BF3F54F362}.Debug|x64.ActiveCfg = Debug|Any CPU
		{79F1143F-A3F6-43BF-AF29-06BF3F54F362}.Debug|x64.Build.0 = Debug|Any CPU
		{79F1143F-A3F6-43BF-AF29-06BF3F54F362}.Debug|x86.ActiveCfg = Debug|Any CPU
		{79F1143F-A3F6-43BF-AF29-06BF3F54F362}.Debug|x86.Build.0 = Debug|Any CPU
		{79F1143F-A3F6-43BF-AF29-06BF3F54F362}.Release|Any CPU.ActiveCfg = Release|Any CPU
		{79F1143F-A3F6-43BF-AF29-06BF3F54F362}.Release|Any CPU.Build.0 = Release|Any CPU
		{79F1143F-A3F6-43BF-AF29-06BF3F54F362}.Release|x64.ActiveCfg = Release|Any CPU
		{79F1143F-A3F6-43BF-AF29-06BF3F54F362}.Release|x64.Build.0 = Release|Any CPU
		{79F1143F-A3F6-43BF-AF29-06BF3F54F362}.Release|x86.ActiveCfg = Release|Any CPU
		{79F1143F-A3F6-43BF-AF29-06BF3F54F362}.Release|x86.Build.0 = Release|Any CPU
	EndGlobalSection
EndGlobal
